// !$*UTF8*$!
{
	archiveVersion = 1;
	classes = {
	};
	objectVersion = 56;
	objects = {

/* Begin PBXBuildFile section */
		CD4FEFE02B9B85210010E04E /* NOTESApp.swift in Sources */ = {isa = PBXBuildFile; fileRef = CD4FEFDF2B9B85210010E04E /* NOTESApp.swift */; };
		CD4FEFE22B9B85210010E04E /* ContentView.swift in Sources */ = {isa = PBXBuildFile; fileRef = CD4FEFE12B9B85210010E04E /* ContentView.swift */; };
		CD4FEFE42B9B85250010E04E /* Assets.xcassets in Resources */ = {isa = PBXBuildFile; fileRef = CD4FEFE32B9B85250010E04E /* Assets.xcassets */; };
		CD4FEFE72B9B85250010E04E /* Preview Assets.xcassets in Resources */ = {isa = PBXBuildFile; fileRef = CD4FEFE62B9B85250010E04E /* Preview Assets.xcassets */; };
		CD4FEFEE2B9B857C0010E04E /* NewNoteView.swift in Sources */ = {isa = PBXBuildFile; fileRef = CD4FEFED2B9B857C0010E04E /* NewNoteView.swift */; };
		CD4FEFF12B9B85B80010E04E /* NoteInfoView.swift in Sources */ = {isa = PBXBuildFile; fileRef = CD4FEFF02B9B85B80010E04E /* NoteInfoView.swift */; };
		CD4FEFF32B9B85E20010E04E /* ListModel.swift in Sources */ = {isa = PBXBuildFile; fileRef = CD4FEFF22B9B85E20010E04E /* ListModel.swift */; };
		CD4FEFF52B9B85F90010E04E /* NoteItem.swift in Sources */ = {isa = PBXBuildFile; fileRef = CD4FEFF42B9B85F90010E04E /* NoteItem.swift */; };
		CDD5C7972B9F7A2B00EE311C /* NoteTextEditor.swift in Sources */ = {isa = PBXBuildFile; fileRef = CDD5C7962B9F7A2B00EE311C /* NoteTextEditor.swift */; };
/* End PBXBuildFile section */

/* Begin PBXFileReference section */
		CD4FEFDC2B9B85210010E04E /* NOTES.app */ = {isa = PBXFileReference; explicitFileType = wrapper.application; includeInIndex = 0; path = NOTES.app; sourceTree = BUILT_PRODUCTS_DIR; };
		CD4FEFDF2B9B85210010E04E /* NOTESApp.swift */ = {isa = PBXFileReference; lastKnownFileType = sourcecode.swift; path = NOTESApp.swift; sourceTree = "<group>"; };
		CD4FEFE12B9B85210010E04E /* ContentView.swift */ = {isa = PBXFileReference; lastKnownFileType = sourcecode.swift; path = ContentView.swift; sourceTree = "<group>"; };
		CD4FEFE32B9B85250010E04E /* Assets.xcassets */ = {isa = PBXFileReference; lastKnownFileType = folder.assetcatalog; path = Assets.xcassets; sourceTree = "<group>"; };
		CD4FEFE62B9B85250010E04E /* Preview Assets.xcassets */ = {isa = PBXFileReference; lastKnownFileType = folder.assetcatalog; path = "Preview Assets.xcassets"; sourceTree = "<group>"; };
		CD4FEFED2B9B857C0010E04E /* NewNoteView.swift */ = {isa = PBXFileReference; lastKnownFileType = sourcecode.swift; path = NewNoteView.swift; sourceTree = "<group>"; };
		CD4FEFF02B9B85B80010E04E /* NoteInfoView.swift */ = {isa = PBXFileReference; lastKnownFileType = sourcecode.swift; path = NoteInfoView.swift; sourceTree = "<group>"; };
		CD4FEFF22B9B85E20010E04E /* ListModel.swift */ = {isa = PBXFileReference; lastKnownFileType = sourcecode.swift; path = ListModel.swift; sourceTree = "<group>"; };
		CD4FEFF42B9B85F90010E04E /* NoteItem.swift */ = {isa = PBXFileReference; lastKnownFileType = sourcecode.swift; path = NoteItem.swift; sourceTree = "<group>"; };
		CDD5C7962B9F7A2B00EE311C /* NoteTextEditor.swift */ = {isa = PBXFileReference; lastKnownFileType = sourcecode.swift; path = NoteTextEditor.swift; sourceTree = "<group>"; };
/* End PBXFileReference section */

/* Begin PBXFrameworksBuildPhase section */
		CD4FEFD92B9B85210010E04E /* Frameworks */ = {
			isa = PBXFrameworksBuildPhase;
			buildActionMask = 2147483647;
			files = (
			);
			runOnlyForDeploymentPostprocessing = 0;
		};
/* End PBXFrameworksBuildPhase section */

/* Begin PBXGroup section */
		CD2C3F362B9F4DE4005FA28C /* Components */ = {
			isa = PBXGroup;
			children = (
				CDD5C7962B9F7A2B00EE311C /* NoteTextEditor.swift */,
			);
			path = Components;
			sourceTree = "<group>";
		};
		CD4FEFD32B9B85210010E04E = {
			isa = PBXGroup;
			children = (
				CD4FEFDE2B9B85210010E04E /* NOTES */,
				CD4FEFDD2B9B85210010E04E /* Products */,
			);
			sourceTree = "<group>";
		};
		CD4FEFDD2B9B85210010E04E /* Products */ = {
			isa = PBXGroup;
			children = (
				CD4FEFDC2B9B85210010E04E /* NOTES.app */,
			);
			name = Products;
			sourceTree = "<group>";
		};
		CD4FEFDE2B9B85210010E04E /* NOTES */ = {
			isa = PBXGroup;
			children = (
				CD4FEFDF2B9B85210010E04E /* NOTESApp.swift */,
				CD4FEFEF2B9B858D0010E04E /* Views */,
				CD4FEFE32B9B85250010E04E /* Assets.xcassets */,
				CD4FEFE52B9B85250010E04E /* Preview Content */,
				CD4FEFF22B9B85E20010E04E /* ListModel.swift */,
				CD4FEFF42B9B85F90010E04E /* NoteItem.swift */,
			);
			path = NOTES;
			sourceTree = "<group>";
		};
		CD4FEFE52B9B85250010E04E /* Preview Content */ = {
			isa = PBXGroup;
			children = (
				CD4FEFE62B9B85250010E04E /* Preview Assets.xcassets */,
			);
			path = "Preview Content";
			sourceTree = "<group>";
		};
		CD4FEFEF2B9B858D0010E04E /* Views */ = {
			isa = PBXGroup;
			children = (
				CD4FEFE12B9B85210010E04E /* ContentView.swift */,
				CD4FEFF02B9B85B80010E04E /* NoteInfoView.swift */,
				CD4FEFED2B9B857C0010E04E /* NewNoteView.swift */,
				CD2C3F362B9F4DE4005FA28C /* Components */,
			);
			path = Views;
			sourceTree = "<group>";
		};
/* End PBXGroup section */

/* Begin PBXNativeTarget section */
		CD4FEFDB2B9B85210010E04E /* NOTES */ = {
			isa = PBXNativeTarget;
			buildConfigurationList = CD4FEFEA2B9B85250010E04E /* Build configuration list for PBXNativeTarget "NOTES" */;
			buildPhases = (
				CD4FEFD82B9B85210010E04E /* Sources */,
				CD4FEFD92B9B85210010E04E /* Frameworks */,
				CD4FEFDA2B9B85210010E04E /* Resources */,
			);
			buildRules = (
			);
			dependencies = (
			);
			name = NOTES;
			productName = NOTES;
			productReference = CD4FEFDC2B9B85210010E04E /* NOTES.app */;
			productType = "com.apple.product-type.application";
		};
/* End PBXNativeTarget section */

/* Begin PBXProject section */
		CD4FEFD42B9B85210010E04E /* Project object */ = {
			isa = PBXProject;
			attributes = {
				BuildIndependentTargetsInParallel = 1;
				LastSwiftUpdateCheck = 1430;
				LastUpgradeCheck = 1430;
				TargetAttributes = {
					CD4FEFDB2B9B85210010E04E = {
						CreatedOnToolsVersion = 14.3.1;
					};
				};
			};
			buildConfigurationList = CD4FEFD72B9B85210010E04E /* Build configuration list for PBXProject "NOTES" */;
			compatibilityVersion = "Xcode 14.0";
			developmentRegion = en;
			hasScannedForEncodings = 0;
			knownRegions = (
				en,
				Base,
			);
			mainGroup = CD4FEFD32B9B85210010E04E;
			productRefGroup = CD4FEFDD2B9B85210010E04E /* Products */;
			projectDirPath = "";
			projectRoot = "";
			targets = (
				CD4FEFDB2B9B85210010E04E /* NOTES */,
			);
		};
/* End PBXProject section */

/* Begin PBXResourcesBuildPhase section */
		CD4FEFDA2B9B85210010E04E /* Resources */ = {
			isa = PBXResourcesBuildPhase;
			buildActionMask = 2147483647;
			files = (
				CD4FEFE72B9B85250010E04E /* Preview Assets.xcassets in Resources */,
				CD4FEFE42B9B85250010E04E /* Assets.xcassets in Resources */,
			);
			runOnlyForDeploymentPostprocessing = 0;
		};
/* End PBXResourcesBuildPhase section */

/* Begin PBXSourcesBuildPhase section */
		CD4FEFD82B9B85210010E04E /* Sources */ = {
			isa = PBXSourcesBuildPhase;
			buildActionMask = 2147483647;
			files = (
				CD4FEFF52B9B85F90010E04E /* NoteItem.swift in Sources */,
				CD4FEFE22B9B85210010E04E /* ContentView.swift in Sources */,
				CD4FEFEE2B9B857C0010E04E /* NewNoteView.swift in Sources */,
				CD4FEFF12B9B85B80010E04E /* NoteInfoView.swift in Sources */,
				CD4FEFE02B9B85210010E04E /* NOTESApp.swift in Sources */,
				CD4FEFF32B9B85E20010E04E /* ListModel.swift in Sources */,
				CDD5C7972B9F7A2B00EE311C /* NoteTextEditor.swift in Sources */,
			);
			runOnlyForDeploymentPostprocessing = 0;
		};
/* End PBXSourcesBuildPhase section */

/* Begin XCBuildConfiguration section */
		CD4FEFE82B9B85250010E04E /* Debug */ = {
			isa = XCBuildConfiguration;
			buildSettings = {
				ALWAYS_SEARCH_USER_PATHS = NO;
				CLANG_ANALYZER_NONNULL = YES;
				CLANG_ANALYZER_NUMBER_OBJECT_CONVERSION = YES_AGGRESSIVE;
				CLANG_CXX_LANGUAGE_STANDARD = "gnu++20";
				CLANG_ENABLE_MODULES = YES;
				CLANG_ENABLE_OBJC_ARC = YES;
				CLANG_ENABLE_OBJC_WEAK = YES;
				CLANG_WARN_BLOCK_CAPTURE_AUTORELEASING = YES;
				CLANG_WARN_BOOL_CONVERSION = YES;
				CLANG_WARN_COMMA = YES;
				CLANG_WARN_CONSTANT_CONVERSION = YES;
				CLANG_WARN_DEPRECATED_OBJC_IMPLEMENTATIONS = YES;
				CLANG_WARN_DIRECT_OBJC_ISA_USAGE = YES_ERROR;
				CLANG_WARN_DOCUMENTATION_COMMENTS = YES;
				CLANG_WARN_EMPTY_BODY = YES;
				CLANG_WARN_ENUM_CONVERSION = YES;
				CLANG_WARN_INFINITE_RECURSION = YES;
				CLANG_WARN_INT_CONVERSION = YES;
				CLANG_WARN_NON_LITERAL_NULL_CONVERSION = YES;
				CLANG_WARN_OBJC_IMPLICIT_RETAIN_SELF = YES;
				CLANG_WARN_OBJC_LITERAL_CONVERSION = YES;
				CLANG_WARN_OBJC_ROOT_CLASS = YES_ERROR;
				CLANG_WARN_QUOTED_INCLUDE_IN_FRAMEWORK_HEADER = YES;
				CLANG_WARN_RANGE_LOOP_ANALYSIS = YES;
				CLANG_WARN_STRICT_PROTOTYPES = YES;
				CLANG_WARN_SUSPICIOUS_MOVE = YES;
				CLANG_WARN_UNGUARDED_AVAILABILITY = YES_AGGRESSIVE;
				CLANG_WARN_UNREACHABLE_CODE = YES;
				CLANG_WARN__DUPLICATE_METHOD_MATCH = YES;
				COPY_PHASE_STRIP = NO;
				DEBUG_INFORMATION_FORMAT = dwarf;
				ENABLE_STRICT_OBJC_MSGSEND = YES;
				ENABLE_TESTABILITY = YES;
				GCC_C_LANGUAGE_STANDARD = gnu11;
				GCC_DYNAMIC_NO_PIC = NO;
				GCC_NO_COMMON_BLOCKS = YES;
				GCC_OPTIMIZATION_LEVEL = 0;
				GCC_PREPROCESSOR_DEFINITIONS = (
					"DEBUG=1",
					"$(inherited)",
				);
				GCC_WARN_64_TO_32_BIT_CONVERSION = YES;
				GCC_WARN_ABOUT_RETURN_TYPE = YES_ERROR;
				GCC_WARN_UNDECLARED_SELECTOR = YES;
				GCC_WARN_UNINITIALIZED_AUTOS = YES_AGGRESSIVE;
				GCC_WARN_UNUSED_FUNCTION = YES;
				GCC_WARN_UNUSED_VARIABLE = YES;
				IPHONEOS_DEPLOYMENT_TARGET = 16.4;
				MTL_ENABLE_DEBUG_INFO = INCLUDE_SOURCE;
				MTL_FAST_MATH = YES;
				ONLY_ACTIVE_ARCH = YES;
				SDKROOT = iphoneos;
				SWIFT_ACTIVE_COMPILATION_CONDITIONS = DEBUG;
				SWIFT_OPTIMIZATION_LEVEL = "-Onone";
			};
			name = Debug;
		};
		CD4FEFE92B9B85250010E04E /* Release */ = {
			isa = XCBuildConfiguration;
			buildSettings = {
				ALWAYS_SEARCH_USER_PATHS = NO;
				CLANG_ANALYZER_NONNULL = YES;
				CLANG_ANALYZER_NUMBER_OBJECT_CONVERSION = YES_AGGRESSIVE;
				CLANG_CXX_LANGUAGE_STANDARD = "gnu++20";
				CLANG_ENABLE_MODULES = YES;
				CLANG_ENABLE_OBJC_ARC = YES;
				CLANG_ENABLE_OBJC_WEAK = YES;
				CLANG_WARN_BLOCK_CAPTURE_AUTORELEASING = YES;
				CLANG_WARN_BOOL_CONVERSION = YES;
				CLANG_WARN_COMMA = YES;
				CLANG_WARN_CONSTANT_CONVERSION = YES;
				CLANG_WARN_DEPRECATED_OBJC_IMPLEMENTATIONS = YES;
				CLANG_WARN_DIRECT_OBJC_ISA_USAGE = YES_ERROR;
				CLANG_WARN_DOCUMENTATION_COMMENTS = YES;
				CLANG_WARN_EMPTY_BODY = YES;
				CLANG_WARN_ENUM_CONVERSION = YES;
				CLANG_WARN_INFINITE_RECURSION = YES;
				CLANG_WARN_INT_CONVERSION = YES;
				CLANG_WARN_NON_LITERAL_NULL_CONVERSION = YES;
				CLANG_WARN_OBJC_IMPLICIT_RETAIN_SELF = YES;
				CLANG_WARN_OBJC_LITERAL_CONVERSION = YES;
				CLANG_WARN_OBJC_ROOT_CLASS = YES_ERROR;
				CLANG_WARN_QUOTED_INCLUDE_IN_FRAMEWORK_HEADER = YES;
				CLANG_WARN_RANGE_LOOP_ANALYSIS = YES;
				CLANG_WARN_STRICT_PROTOTYPES = YES;
				CLANG_WARN_SUSPICIOUS_MOVE = YES;
				CLANG_WARN_UNGUARDED_AVAILABILITY = YES_AGGRESSIVE;
				CLANG_WARN_UNREACHABLE_CODE = YES;
				CLANG_WARN__DUPLICATE_METHOD_MATCH = YES;
				COPY_PHASE_STRIP = NO;
				DEBUG_INFORMATION_FORMAT = "dwarf-with-dsym";
				ENABLE_NS_ASSERTIONS = NO;
				ENABLE_STRICT_OBJC_MSGSEND = YES;
				GCC_C_LANGUAGE_STANDARD = gnu11;
				GCC_NO_COMMON_BLOCKS = YES;
				GCC_WARN_64_TO_32_BIT_CONVERSION = YES;
				GCC_WARN_ABOUT_RETURN_TYPE = YES_ERROR;
				GCC_WARN_UNDECLARED_SELECTOR = YES;
				GCC_WARN_UNINITIALIZED_AUTOS = YES_AGGRESSIVE;
				GCC_WARN_UNUSED_FUNCTION = YES;
				GCC_WARN_UNUSED_VARIABLE = YES;
				IPHONEOS_DEPLOYMENT_TARGET = 16.4;
				MTL_ENABLE_DEBUG_INFO = NO;
				MTL_FAST_MATH = YES;
				SDKROOT = iphoneos;
				SWIFT_COMPILATION_MODE = wholemodule;
				SWIFT_OPTIMIZATION_LEVEL = "-O";
				VALIDATE_PRODUCT = YES;
			};
			name = Release;
		};
		CD4FEFEB2B9B85250010E04E /* Debug */ = {
			isa = XCBuildConfiguration;
			buildSettings = {
				ASSETCATALOG_COMPILER_APPICON_NAME = AppIcon;
				ASSETCATALOG_COMPILER_GLOBAL_ACCENT_COLOR_NAME = AccentColor;
				CODE_SIGN_STYLE = Automatic;
				CURRENT_PROJECT_VERSION = 1;
				DEVELOPMENT_ASSET_PATHS = "\"NOTES/Preview Content\"";
				ENABLE_PREVIEWS = YES;
				GENERATE_INFOPLIST_FILE = YES;
				INFOPLIST_KEY_UIApplicationSceneManifest_Generation = YES;
				INFOPLIST_KEY_UIApplicationSupportsIndirectInputEvents = YES;
				INFOPLIST_KEY_UILaunchScreen_Generation = YES;
				INFOPLIST_KEY_UISupportedInterfaceOrientations_iPad = "UIInterfaceOrientationPortrait UIInterfaceOrientationPortraitUpsideDown UIInterfaceOrientationLandscapeLeft UIInterfaceOrientationLandscapeRight";
				INFOPLIST_KEY_UISupportedInterfaceOrientations_iPhone = "UIInterfaceOrientationPortrait UIInterfaceOrientationLandscapeLeft UIInterfaceOrientationLandscapeRight";
				LD_RUNPATH_SEARCH_PATHS = (
					"$(inherited)",
					"@executable_path/Frameworks",
				);
				MARKETING_VERSION = 1.0;
				PRODUCT_BUNDLE_IDENTIFIER = testTask.NOTES;
				PRODUCT_NAME = "$(TARGET_NAME)";
				SWIFT_EMIT_LOC_STRINGS = YES;
				SWIFT_VERSION = 5.0;
				TARGETED_DEVICE_FAMILY = "1,2";
			};
			name = Debug;
		};
		CD4FEFEC2B9B85250010E04E /* Release */ = {
			isa = XCBuildConfiguration;
			buildSettings = {
				ASSETCATALOG_COMPILER_APPICON_NAME = AppIcon;
				ASSETCATALOG_COMPILER_GLOBAL_ACCENT_COLOR_NAME = AccentColor;
				CODE_SIGN_STYLE = Automatic;
				CURRENT_PROJECT_VERSION = 1;
				DEVELOPMENT_ASSET_PATHS = "\"NOTES/Preview Content\"";
				ENABLE_PREVIEWS = YES;
				GENERATE_INFOPLIST_FILE = YES;
				INFOPLIST_KEY_UIApplicationSceneManifest_Generation = YES;
				INFOPLIST_KEY_UIApplicationSupportsIndirectInputEvents = YES;
				INFOPLIST_KEY_UILaunchScreen_Generation = YES;
				INFOPLIST_KEY_UISupportedInterfaceOrientations_iPad = "UIInterfaceOrientationPortrait UIInterfaceOrientationPortraitUpsideDown UIInterfaceOrientationLandscapeLeft UIInterfaceOrientationLandscapeRight";
				INFOPLIST_KEY_UISupportedInterfaceOrientations_iPhone = "UIInterfaceOrientationPortrait UIInterfaceOrientationLandscapeLeft UIInterfaceOrientationLandscapeRight";
				LD_RUNPATH_SEARCH_PATHS = (
					"$(inherited)",
					"@executable_path/Frameworks",
				);
				MARKETING_VERSION = 1.0;
				PRODUCT_BUNDLE_IDENTIFIER = testTask.NOTES;
				PRODUCT_NAME = "$(TARGET_NAME)";
				SWIFT_EMIT_LOC_STRINGS = YES;
				SWIFT_VERSION = 5.0;
				TARGETED_DEVICE_FAMILY = "1,2";
			};
			name = Release;
		};
/* End XCBuildConfiguration section */

/* Begin XCConfigurationList section */
		CD4FEFD72B9B85210010E04E /* Build configuration list for PBXProject "NOTES" */ = {
			isa = XCConfigurationList;
			buildConfigurations = (
				CD4FEFE82B9B85250010E04E /* Debug */,
				CD4FEFE92B9B85250010E04E /* Release */,
			);
			defaultConfigurationIsVisible = 0;
			defaultConfigurationName = Release;
		};
		CD4FEFEA2B9B85250010E04E /* Build configuration list for PBXNativeTarget "NOTES" */ = {
			isa = XCConfigurationList;
			buildConfigurations = (
				CD4FEFEB2B9B85250010E04E /* Debug */,
				CD4FEFEC2B9B85250010E04E /* Release */,
			);
			defaultConfigurationIsVisible = 0;
			defaultConfigurationName = Release;
		};
/* End XCConfigurationList section */
	};
	rootObject = CD4FEFD42B9B85210010E04E /* Project object */;
}
